// !$*UTF8*$!
{
	archiveVersion = 1;
	classes = {
	};
	objectVersion = 56;
	objects = {

/* Begin PBXBuildFile section */
		6F6529D42AB9AE7E00903AAC /* AppDelegate.swift in Sources */ = {isa = PBXBuildFile; fileRef = 6F6529D32AB9AE7E00903AAC /* AppDelegate.swift */; };
		6F6529D62AB9AE7E00903AAC /* SceneDelegate.swift in Sources */ = {isa = PBXBuildFile; fileRef = 6F6529D52AB9AE7E00903AAC /* SceneDelegate.swift */; };
		6F6529D82AB9AE7E00903AAC /* ViewController.swift in Sources */ = {isa = PBXBuildFile; fileRef = 6F6529D72AB9AE7E00903AAC /* ViewController.swift */; };
		6F6529DB2AB9AE7E00903AAC /* Main.storyboard in Resources */ = {isa = PBXBuildFile; fileRef = 6F6529D92AB9AE7E00903AAC /* Main.storyboard */; };
		6F6529DD2AB9AE7F00903AAC /* Assets.xcassets in Resources */ = {isa = PBXBuildFile; fileRef = 6F6529DC2AB9AE7F00903AAC /* Assets.xcassets */; };
		6F6529E02AB9AE7F00903AAC /* LaunchScreen.storyboard in Resources */ = {isa = PBXBuildFile; fileRef = 6F6529DE2AB9AE7F00903AAC /* LaunchScreen.storyboard */; };
		6F6529E82AB9AE9800903AAC /* Cs_Go.swift in Sources */ = {isa = PBXBuildFile; fileRef = 6F6529E72AB9AE9800903AAC /* Cs_Go.swift */; };
		6F6529EA2AC0138900903AAC /* GameTimer.swift in Sources */ = {isa = PBXBuildFile; fileRef = 6F6529E92AC0138900903AAC /* GameTimer.swift */; };
/* End PBXBuildFile section */

/* Begin PBXFileReference section */
		6F6529D02AB9AE7E00903AAC /* CS_GO.app */ = {isa = PBXFileReference; explicitFileType = wrapper.application; includeInIndex = 0; path = CS_GO.app; sourceTree = BUILT_PRODUCTS_DIR; };
		6F6529D32AB9AE7E00903AAC /* AppDelegate.swift */ = {isa = PBXFileReference; lastKnownFileType = sourcecode.swift; path = AppDelegate.swift; sourceTree = "<group>"; };
		6F6529D52AB9AE7E00903AAC /* SceneDelegate.swift */ = {isa = PBXFileReference; lastKnownFileType = sourcecode.swift; path = SceneDelegate.swift; sourceTree = "<group>"; };
		6F6529D72AB9AE7E00903AAC /* ViewController.swift */ = {isa = PBXFileReference; lastKnownFileType = sourcecode.swift; path = ViewController.swift; sourceTree = "<group>"; };
		6F6529DA2AB9AE7E00903AAC /* Base */ = {isa = PBXFileReference; lastKnownFileType = file.storyboard; name = Base; path = Base.lproj/Main.storyboard; sourceTree = "<group>"; };
		6F6529DC2AB9AE7F00903AAC /* Assets.xcassets */ = {isa = PBXFileReference; lastKnownFileType = folder.assetcatalog; path = Assets.xcassets; sourceTree = "<group>"; };
		6F6529DF2AB9AE7F00903AAC /* Base */ = {isa = PBXFileReference; lastKnownFileType = file.storyboard; name = Base; path = Base.lproj/LaunchScreen.storyboard; sourceTree = "<group>"; };
		6F6529E12AB9AE7F00903AAC /* Info.plist */ = {isa = PBXFileReference; lastKnownFileType = text.plist.xml; path = Info.plist; sourceTree = "<group>"; };
		6F6529E72AB9AE9800903AAC /* Cs_Go.swift */ = {isa = PBXFileReference; lastKnownFileType = sourcecode.swift; path = Cs_Go.swift; sourceTree = "<group>"; };
		6F6529E92AC0138900903AAC /* GameTimer.swift */ = {isa = PBXFileReference; lastKnownFileType = sourcecode.swift; path = GameTimer.swift; sourceTree = "<group>"; };
/* End PBXFileReference section */

/* Begin PBXFrameworksBuildPhase section */
		6F6529CD2AB9AE7E00903AAC /* Frameworks */ = {
			isa = PBXFrameworksBuildPhase;
			buildActionMask = 2147483647;
			files = (
			);
			runOnlyForDeploymentPostprocessing = 0;
		};
/* End PBXFrameworksBuildPhase section */

/* Begin PBXGroup section */
		6F6529C72AB9AE7E00903AAC = {
			isa = PBXGroup;
			children = (
				6F6529D22AB9AE7E00903AAC /* CS_GO */,
				6F6529D12AB9AE7E00903AAC /* Products */,
			);
			sourceTree = "<group>";
		};
		6F6529D12AB9AE7E00903AAC /* Products */ = {
			isa = PBXGroup;
			children = (
				6F6529D02AB9AE7E00903AAC /* CS_GO.app */,
			);
			name = Products;
			sourceTree = "<group>";
		};
		6F6529D22AB9AE7E00903AAC /* CS_GO */ = {
			isa = PBXGroup;
			children = (
				6F6529D32AB9AE7E00903AAC /* AppDelegate.swift */,
				6F6529D52AB9AE7E00903AAC /* SceneDelegate.swift */,
				6F6529D72AB9AE7E00903AAC /* ViewController.swift */,
				6F6529E72AB9AE9800903AAC /* Cs_Go.swift */,
				6F6529E92AC0138900903AAC /* GameTimer.swift */,
				6F6529D92AB9AE7E00903AAC /* Main.storyboard */,
				6F6529DC2AB9AE7F00903AAC /* Assets.xcassets */,
				6F6529DE2AB9AE7F00903AAC /* LaunchScreen.storyboard */,
				6F6529E12AB9AE7F00903AAC /* Info.plist */,
			);
			path = CS_GO;
			sourceTree = "<group>";
		};
/* End PBXGroup section */

/* Begin PBXNativeTarget section */
		6F6529CF2AB9AE7E00903AAC /* CS_GO */ = {
			isa = PBXNativeTarget;
			buildConfigurationList = 6F6529E42AB9AE7F00903AAC /* Build configuration list for PBXNativeTarget "CS_GO" */;
			buildPhases = (
				6F6529CC2AB9AE7E00903AAC /* Sources */,
				6F6529CD2AB9AE7E00903AAC /* Frameworks */,
				6F6529CE2AB9AE7E00903AAC /* Resources */,
			);
			buildRules = (
			);
			dependencies = (
			);
			name = CS_GO;
			productName = CS_GO;
			productReference = 6F6529D02AB9AE7E00903AAC /* CS_GO.app */;
			productType = "com.apple.product-type.application";
		};
/* End PBXNativeTarget section */

/* Begin PBXProject section */
		6F6529C82AB9AE7E00903AAC /* Project object */ = {
			isa = PBXProject;
			attributes = {
				BuildIndependentTargetsInParallel = 1;
				LastSwiftUpdateCheck = 1430;
				LastUpgradeCheck = 1430;
				TargetAttributes = {
					6F6529CF2AB9AE7E00903AAC = {
						CreatedOnToolsVersion = 14.3.1;
					};
				};
			};
			buildConfigurationList = 6F6529CB2AB9AE7E00903AAC /* Build configuration list for PBXProject "CS_GO" */;
			compatibilityVersion = "Xcode 14.0";
			developmentRegion = en;
			hasScannedForEncodings = 0;
			knownRegions = (
				en,
				Base,
			);
			mainGroup = 6F6529C72AB9AE7E00903AAC;
			productRefGroup = 6F6529D12AB9AE7E00903AAC /* Products */;
			projectDirPath = "";
			projectRoot = "";
			targets = (
				6F6529CF2AB9AE7E00903AAC /* CS_GO */,
			);
		};
/* End PBXProject section */

/* Begin PBXResourcesBuildPhase section */
		6F6529CE2AB9AE7E00903AAC /* Resources */ = {
			isa = PBXResourcesBuildPhase;
			buildActionMask = 2147483647;
			files = (
				6F6529E02AB9AE7F00903AAC /* LaunchScreen.storyboard in Resources */,
				6F6529DD2AB9AE7F00903AAC /* Assets.xcassets in Resources */,
				6F6529DB2AB9AE7E00903AAC /* Main.storyboard in Resources */,
			);
			runOnlyForDeploymentPostprocessing = 0;
		};
/* End PBXResourcesBuildPhase section */

/* Begin PBXSourcesBuildPhase section */
		6F6529CC2AB9AE7E00903AAC /* Sources */ = {
			isa = PBXSourcesBuildPhase;
			buildActionMask = 2147483647;
			files = (
				6F6529D82AB9AE7E00903AAC /* ViewController.swift in Sources */,
				6F6529E82AB9AE9800903AAC /* Cs_Go.swift in Sources */,
				6F6529EA2AC0138900903AAC /* GameTimer.swift in Sources */,
				6F6529D42AB9AE7E00903AAC /* AppDelegate.swift in Sources */,
				6F6529D62AB9AE7E00903AAC /* SceneDelegate.swift in Sources */,
			);
			runOnlyForDeploymentPostprocessing = 0;
		};
/* End PBXSourcesBuildPhase section */

/* Begin PBXVariantGroup section */
		6F6529D92AB9AE7E00903AAC /* Main.storyboard */ = {
			isa = PBXVariantGroup;
			children = (
				6F6529DA2AB9AE7E00903AAC /* Base */,
			);
			name = Main.storyboard;
			sourceTree = "<group>";
		};
		6F6529DE2AB9AE7F00903AAC /* LaunchScreen.storyboard */ = {
			isa = PBXVariantGroup;
			children = (
				6F6529DF2AB9AE7F00903AAC /* Base */,
			);
			name = LaunchScreen.storyboard;
			sourceTree = "<group>";
		};
/* End PBXVariantGroup section */

/* Begin XCBuildConfiguration section */
		6F6529E22AB9AE7F00903AAC /* Debug */ = {
			isa = XCBuildConfiguration;
			buildSettings = {
				ALWAYS_SEARCH_USER_PATHS = NO;
				CLANG_ANALYZER_NONNULL = YES;
				CLANG_ANALYZER_NUMBER_OBJECT_CONVERSION = YES_AGGRESSIVE;
				CLANG_CXX_LANGUAGE_STANDARD = "gnu++20";
				CLANG_ENABLE_MODULES = YES;
				CLANG_ENABLE_OBJC_ARC = YES;
				CLANG_ENABLE_OBJC_WEAK = YES;
				CLANG_WARN_BLOCK_CAPTURE_AUTORELEASING = YES;
				CLANG_WARN_BOOL_CONVERSION = YES;
				CLANG_WARN_COMMA = YES;
				CLANG_WARN_CONSTANT_CONVERSION = YES;
				CLANG_WARN_DEPRECATED_OBJC_IMPLEMENTATIONS = YES;
				CLANG_WARN_DIRECT_OBJC_ISA_USAGE = YES_ERROR;
				CLANG_WARN_DOCUMENTATION_COMMENTS = YES;
				CLANG_WARN_EMPTY_BODY = YES;
				CLANG_WARN_ENUM_CONVERSION = YES;
				CLANG_WARN_INFINITE_RECURSION = YES;
				CLANG_WARN_INT_CONVERSION = YES;
				CLANG_WARN_NON_LITERAL_NULL_CONVERSION = YES;
				CLANG_WARN_OBJC_IMPLICIT_RETAIN_SELF = YES;
				CLANG_WARN_OBJC_LITERAL_CONVERSION = YES;
				CLANG_WARN_OBJC_ROOT_CLASS = YES_ERROR;
				CLANG_WARN_QUOTED_INCLUDE_IN_FRAMEWORK_HEADER = YES;
				CLANG_WARN_RANGE_LOOP_ANALYSIS = YES;
				CLANG_WARN_STRICT_PROTOTYPES = YES;
				CLANG_WARN_SUSPICIOUS_MOVE = YES;
				CLANG_WARN_UNGUARDED_AVAILABILITY = YES_AGGRESSIVE;
				CLANG_WARN_UNREACHABLE_CODE = YES;
				CLANG_WARN__DUPLICATE_METHOD_MATCH = YES;
				COPY_PHASE_STRIP = NO;
				DEBUG_INFORMATION_FORMAT = dwarf;
				ENABLE_STRICT_OBJC_MSGSEND = YES;
				ENABLE_TESTABILITY = YES;
				GCC_C_LANGUAGE_STANDARD = gnu11;
				GCC_DYNAMIC_NO_PIC = NO;
				GCC_NO_COMMON_BLOCKS = YES;
				GCC_OPTIMIZATION_LEVEL = 0;
				GCC_PREPROCESSOR_DEFINITIONS = (
					"DEBUG=1",
					"$(inherited)",
				);
				GCC_WARN_64_TO_32_BIT_CONVERSION = YES;
				GCC_WARN_ABOUT_RETURN_TYPE = YES_ERROR;
				GCC_WARN_UNDECLARED_SELECTOR = YES;
				GCC_WARN_UNINITIALIZED_AUTOS = YES_AGGRESSIVE;
				GCC_WARN_UNUSED_FUNCTION = YES;
				GCC_WARN_UNUSED_VARIABLE = YES;
				IPHONEOS_DEPLOYMENT_TARGET = 16.4;
				MTL_ENABLE_DEBUG_INFO = INCLUDE_SOURCE;
				MTL_FAST_MATH = YES;
				ONLY_ACTIVE_ARCH = YES;
				SDKROOT = iphoneos;
				SWIFT_ACTIVE_COMPILATION_CONDITIONS = DEBUG;
				SWIFT_OPTIMIZATION_LEVEL = "-Onone";
			};
			name = Debug;
		};
		6F6529E32AB9AE7F00903AAC /* Release */ = {
			isa = XCBuildConfiguration;
			buildSettings = {
				ALWAYS_SEARCH_USER_PATHS = NO;
				CLANG_ANALYZER_NONNULL = YES;
				CLANG_ANALYZER_NUMBER_OBJECT_CONVERSION = YES_AGGRESSIVE;
				CLANG_CXX_LANGUAGE_STANDARD = "gnu++20";
				CLANG_ENABLE_MODULES = YES;
				CLANG_ENABLE_OBJC_ARC = YES;
				CLANG_ENABLE_OBJC_WEAK = YES;
				CLANG_WARN_BLOCK_CAPTURE_AUTORELEASING = YES;
				CLANG_WARN_BOOL_CONVERSION = YES;
				CLANG_WARN_COMMA = YES;
				CLANG_WARN_CONSTANT_CONVERSION = YES;
				CLANG_WARN_DEPRECATED_OBJC_IMPLEMENTATIONS = YES;
				CLANG_WARN_DIRECT_OBJC_ISA_USAGE = YES_ERROR;
				CLANG_WARN_DOCUMENTATION_COMMENTS = YES;
				CLANG_WARN_EMPTY_BODY = YES;
				CLANG_WARN_ENUM_CONVERSION = YES;
				CLANG_WARN_INFINITE_RECURSION = YES;
				CLANG_WARN_INT_CONVERSION = YES;
				CLANG_WARN_NON_LITERAL_NULL_CONVERSION = YES;
				CLANG_WARN_OBJC_IMPLICIT_RETAIN_SELF = YES;
				CLANG_WARN_OBJC_LITERAL_CONVERSION = YES;
				CLANG_WARN_OBJC_ROOT_CLASS = YES_ERROR;
				CLANG_WARN_QUOTED_INCLUDE_IN_FRAMEWORK_HEADER = YES;
				CLANG_WARN_RANGE_LOOP_ANALYSIS = YES;
				CLANG_WARN_STRICT_PROTOTYPES = YES;
				CLANG_WARN_SUSPICIOUS_MOVE = YES;
				CLANG_WARN_UNGUARDED_AVAILABILITY = YES_AGGRESSIVE;
				CLANG_WARN_UNREACHABLE_CODE = YES;
				CLANG_WARN__DUPLICATE_METHOD_MATCH = YES;
				COPY_PHASE_STRIP = NO;
				DEBUG_INFORMATION_FORMAT = "dwarf-with-dsym";
				ENABLE_NS_ASSERTIONS = NO;
				ENABLE_STRICT_OBJC_MSGSEND = YES;
				GCC_C_LANGUAGE_STANDARD = gnu11;
				GCC_NO_COMMON_BLOCKS = YES;
				GCC_WARN_64_TO_32_BIT_CONVERSION = YES;
				GCC_WARN_ABOUT_RETURN_TYPE = YES_ERROR;
				GCC_WARN_UNDECLARED_SELECTOR = YES;
				GCC_WARN_UNINITIALIZED_AUTOS = YES_AGGRESSIVE;
				GCC_WARN_UNUSED_FUNCTION = YES;
				GCC_WARN_UNUSED_VARIABLE = YES;
				IPHONEOS_DEPLOYMENT_TARGET = 16.4;
				MTL_ENABLE_DEBUG_INFO = NO;
				MTL_FAST_MATH = YES;
				SDKROOT = iphoneos;
				SWIFT_COMPILATION_MODE = wholemodule;
				SWIFT_OPTIMIZATION_LEVEL = "-O";
				VALIDATE_PRODUCT = YES;
			};
			name = Release;
		};
		6F6529E52AB9AE7F00903AAC /* Debug */ = {
			isa = XCBuildConfiguration;
			buildSettings = {
				ASSETCATALOG_COMPILER_APPICON_NAME = AppIcon;
				ASSETCATALOG_COMPILER_GLOBAL_ACCENT_COLOR_NAME = AccentColor;
				CODE_SIGN_STYLE = Automatic;
				CURRENT_PROJECT_VERSION = 1;
				DEVELOPMENT_TEAM = 2JQ2KT9P9N;
				GENERATE_INFOPLIST_FILE = YES;
				INFOPLIST_FILE = CS_GO/Info.plist;
				INFOPLIST_KEY_UIApplicationSupportsIndirectInputEvents = YES;
				INFOPLIST_KEY_UILaunchStoryboardName = LaunchScreen;
				INFOPLIST_KEY_UIMainStoryboardFile = Main;
				INFOPLIST_KEY_UISupportedInterfaceOrientations_iPad = "UIInterfaceOrientationPortrait UIInterfaceOrientationPortraitUpsideDown UIInterfaceOrientationLandscapeLeft UIInterfaceOrientationLandscapeRight";
				INFOPLIST_KEY_UISupportedInterfaceOrientations_iPhone = "UIInterfaceOrientationPortrait UIInterfaceOrientationLandscapeLeft UIInterfaceOrientationLandscapeRight";
				LD_RUNPATH_SEARCH_PATHS = (
					"$(inherited)",
					"@executable_path/Frameworks",
				);
				MARKETING_VERSION = 1.0;
				PRODUCT_BUNDLE_IDENTIFIER = "-11.CS-GO";
				PRODUCT_NAME = "$(TARGET_NAME)";
				SWIFT_EMIT_LOC_STRINGS = YES;
				SWIFT_VERSION = 5.0;
				TARGETED_DEVICE_FAMILY = "1,2";
			};
			name = Debug;
		};
		6F6529E62AB9AE7F00903AAC /* Release */ = {
			isa = XCBuildConfiguration;
			buildSettings = {
				ASSETCATALOG_COMPILER_APPICON_NAME = AppIcon;
				ASSETCATALOG_COMPILER_GLOBAL_ACCENT_COLOR_NAME = AccentColor;
				CODE_SIGN_STYLE = Automatic;
				CURRENT_PROJECT_VERSION = 1;
				DEVELOPMENT_TEAM = 2JQ2KT9P9N;
				GENERATE_INFOPLIST_FILE = YES;
				INFOPLIST_FILE = CS_GO/Info.plist;
				INFOPLIST_KEY_UIApplicationSupportsIndirectInputEvents = YES;
				INFOPLIST_KEY_UILaunchStoryboardName = LaunchScreen;
				INFOPLIST_KEY_UIMainStoryboardFile = Main;
				INFOPLIST_KEY_UISupportedInterfaceOrientations_iPad = "UIInterfaceOrientationPortrait UIInterfaceOrientationPortraitUpsideDown UIInterfaceOrientationLandscapeLeft UIInterfaceOrientationLandscapeRight";
				INFOPLIST_KEY_UISupportedInterfaceOrientations_iPhone = "UIInterfaceOrientationPortrait UIInterfaceOrientationLandscapeLeft UIInterfaceOrientationLandscapeRight";
				LD_RUNPATH_SEARCH_PATHS = (
					"$(inherited)",
					"@executable_path/Frameworks",
				);
				MARKETING_VERSION = 1.0;
				PRODUCT_BUNDLE_IDENTIFIER = "-11.CS-GO";
				PRODUCT_NAME = "$(TARGET_NAME)";
				SWIFT_EMIT_LOC_STRINGS = YES;
				SWIFT_VERSION = 5.0;
				TARGETED_DEVICE_FAMILY = "1,2";
			};
			name = Release;
		};
/* End XCBuildConfiguration section */

/* Begin XCConfigurationList section */
		6F6529CB2AB9AE7E00903AAC /* Build configuration list for PBXProject "CS_GO" */ = {
			isa = XCConfigurationList;
			buildConfigurations = (
				6F6529E22AB9AE7F00903AAC /* Debug */,
				6F6529E32AB9AE7F00903AAC /* Release */,
			);
			defaultConfigurationIsVisible = 0;
			defaultConfigurationName = Release;
		};
		6F6529E42AB9AE7F00903AAC /* Build configuration list for PBXNativeTarget "CS_GO" */ = {
			isa = XCConfigurationList;
			buildConfigurations = (
				6F6529E52AB9AE7F00903AAC /* Debug */,
				6F6529E62AB9AE7F00903AAC /* Release */,
			);
			defaultConfigurationIsVisible = 0;
			defaultConfigurationName = Release;
		};
/* End XCConfigurationList section */
	};
	rootObject = 6F6529C82AB9AE7E00903AAC /* Project object */;
}
